
Microsoft Visual Studio Solution File, Format Version 12.00
# Visual Studio 14
VisualStudioVersion = 14.0.25420.1
MinimumVisualStudioVersion = 10.0.40219.1
Project("{2150E333-8FDC-42A3-9474-1A3956D46DE8}") = "src", "src", "{91B3F400-B278-4474-A5C1-0585CF1899F4}"
EndProject
Project("{2150E333-8FDC-42A3-9474-1A3956D46DE8}") = "Solution Items", "Solution Items", "{55BD12FB-D610-4DC7-858A-9E2E327FFDAC}"
	ProjectSection(SolutionItems) = preProject
		global.json = global.json
	EndProjectSection
EndProject
Project("{8BB2217D-0F2D-49D1-97BC-3654ED321F3B}") = "JobTest.Core", "src\JobTest.Core\JobTest.Core.xproj", "{53EC0EA9-C61F-492F-B09A-59F3EF67338A}"
EndProject
Project("{8BB2217D-0F2D-49D1-97BC-3654ED321F3B}") = "JobTest.Web", "src\JobTest.Web\JobTest.Web.xproj", "{138A879D-4255-4A27-A9AF-90C4DCC035E2}"
EndProject
Global
	GlobalSection(SolutionConfigurationPlatforms) = preSolution
		Debug|Any CPU = Debug|Any CPU
		Release|Any CPU = Release|Any CPU
	EndGlobalSection
	GlobalSection(ProjectConfigurationPlatforms) = postSolution
		{53EC0EA9-C61F-492F-B09A-59F3EF67338A}.Debug|Any CPU.ActiveCfg = Debug|Any CPU
		{53EC0EA9-C61F-492F-B09A-59F3EF67338A}.Debug|Any CPU.Build.0 = Debug|Any CPU
		{53EC0EA9-C61F-492F-B09A-59F3EF67338A}.Release|Any CPU.ActiveCfg = Release|Any CPU
		{53EC0EA9-C61F-492F-B09A-59F3EF67338A}.Release|Any CPU.Build.0 = Release|Any CPU
		{138A879D-4255-4A27-A9AF-90C4DCC035E2}.Debug|Any CPU.ActiveCfg = Debug|Any CPU
		{138A879D-4255-4A27-A9AF-90C4DCC035E2}.Debug|Any CPU.Build.0 = Debug|Any CPU
		{138A879D-4255-4A27-A9AF-90C4DCC035E2}.Release|Any CPU.ActiveCfg = Release|Any CPU
		{138A879D-4255-4A27-A9AF-90C4DCC035E2}.Release|Any CPU.Build.0 = Release|Any CPU
	EndGlobalSection
	GlobalSection(SolutionProperties) = preSolution
		HideSolutionNode = FALSE
	EndGlobalSection
	GlobalSection(NestedProjects) = preSolution
		{53EC0EA9-C61F-492F-B09A-59F3EF67338A} = {91B3F400-B278-4474-A5C1-0585CF1899F4}
		{138A879D-4255-4A27-A9AF-90C4DCC035E2} = {91B3F400-B278-4474-A5C1-0585CF1899F4}
	EndGlobalSection
EndGlobal
